
Microsoft Visual Studio Solution File, Format Version 12.00
# Visual Studio Version 17
VisualStudioVersion = 17.5.33516.290
MinimumVisualStudioVersion = 10.0.40219.1
Project("{2150E333-8FDC-42A3-9474-1A3956D46DE8}") = "src", "src", "{AABC6A0A-8FD5-4688-B6A6-9B584721776F}"
EndProject
Project("{2150E333-8FDC-42A3-9474-1A3956D46DE8}") = "Solution Items", "Solution Items", "{EADBC687-4E6D-411A-9A5D-A51644EFC574}"
	ProjectSection(SolutionItems) = preProject
		ServiceUrls.txt = ServiceUrls.txt
	EndProjectSection
EndProject
Project("{2150E333-8FDC-42A3-9474-1A3956D46DE8}") = "ApiGateways", "ApiGateways", "{4762E824-7F29-4BC3-B27B-46E9916D542D}"
EndProject
Project("{2150E333-8FDC-42A3-9474-1A3956D46DE8}") = "BuildingBlocks", "BuildingBlocks", "{379FE909-8936-4992-A4A4-21A77348F4A1}"
EndProject
Project("{2150E333-8FDC-42A3-9474-1A3956D46DE8}") = "Services", "Services", "{E739F3B2-688E-432A-AB5A-81F5489889EE}"
EndProject
Project("{2150E333-8FDC-42A3-9474-1A3956D46DE8}") = "Clients", "Clients", "{6066ED29-2019-408A-ACC8-DE9EC133AD8F}"
EndProject
Project("{2150E333-8FDC-42A3-9474-1A3956D46DE8}") = "WebApiGateway", "WebApiGateway", "{FEDC69C0-1F1D-4B66-8C90-40C36FD036B5}"
EndProject
Project("{9A19103F-16F7-4668-BE54-9A1E7A4F7556}") = "Web.ApiGateway", "src\ApiGateways\WebApiGateway\Web.ApiGateway\Web.ApiGateway.csproj", "{2EE3F571-23B7-42AC-A07E-E6FB8D5D841E}"
EndProject
Project("{2150E333-8FDC-42A3-9474-1A3956D46DE8}") = "EventBus", "EventBus", "{09651AE7-36D8-4C8D-A559-0A261631F004}"
EndProject
Project("{2150E333-8FDC-42A3-9474-1A3956D46DE8}") = "ReactWebApp", "ReactWebApp", "{99ACAF73-6233-4EF4-B7E3-F73737A8B1A1}"
EndProject
Project("{9A19103F-16F7-4668-BE54-9A1E7A4F7556}") = "AmazonService.Api", "src\Services\AmazonService\AmazonService.Api\AmazonService.Api.csproj", "{3B6E268D-8D3C-45D0-BBF9-D88A1281DF65}"
EndProject
Project("{FAE04EC0-301F-11D3-BF4B-00C04F79EFBC}") = "EventBus.Base", "src\Buildingblocks\EventBus\EventBus.Base\EventBus.Base.csproj", "{DDD9C2F3-E54D-438A-B916-CF2BBB1D5B74}"
EndProject
Project("{FAE04EC0-301F-11D3-BF4B-00C04F79EFBC}") = "EventBus.Factory", "src\Buildingblocks\EventBus\EventBus.Factory\EventBus.Factory.csproj", "{9FB97D0D-EA23-4546-BF85-80AF40DC2B94}"
EndProject
Project("{FAE04EC0-301F-11D3-BF4B-00C04F79EFBC}") = "EventBus.AzureServiceBus", "src\Buildingblocks\EventBus\EventBus.AzureServiceBus\EventBus.AzureServiceBus.csproj", "{201E500D-912D-4A29-9622-F8BB913CE286}"
EndProject
Project("{FAE04EC0-301F-11D3-BF4B-00C04F79EFBC}") = "EventBus.RabbitMQ", "src\Buildingblocks\EventBus\EventBus.RabbitMQ\EventBus.RabbitMQ.csproj", "{F0D18E5E-0978-4CC5-8A2F-AB3D6F81ED14}"
EndProject
Global
	GlobalSection(SolutionConfigurationPlatforms) = preSolution
		Debug|Any CPU = Debug|Any CPU
		Release|Any CPU = Release|Any CPU
	EndGlobalSection
	GlobalSection(ProjectConfigurationPlatforms) = postSolution
		{2EE3F571-23B7-42AC-A07E-E6FB8D5D841E}.Debug|Any CPU.ActiveCfg = Debug|Any CPU
		{2EE3F571-23B7-42AC-A07E-E6FB8D5D841E}.Debug|Any CPU.Build.0 = Debug|Any CPU
		{2EE3F571-23B7-42AC-A07E-E6FB8D5D841E}.Release|Any CPU.ActiveCfg = Release|Any CPU
		{2EE3F571-23B7-42AC-A07E-E6FB8D5D841E}.Release|Any CPU.Build.0 = Release|Any CPU
		{3B6E268D-8D3C-45D0-BBF9-D88A1281DF65}.Debug|Any CPU.ActiveCfg = Debug|Any CPU
		{3B6E268D-8D3C-45D0-BBF9-D88A1281DF65}.Debug|Any CPU.Build.0 = Debug|Any CPU
		{3B6E268D-8D3C-45D0-BBF9-D88A1281DF65}.Release|Any CPU.ActiveCfg = Release|Any CPU
		{3B6E268D-8D3C-45D0-BBF9-D88A1281DF65}.Release|Any CPU.Build.0 = Release|Any CPU
		{DDD9C2F3-E54D-438A-B916-CF2BBB1D5B74}.Debug|Any CPU.ActiveCfg = Debug|Any CPU
		{DDD9C2F3-E54D-438A-B916-CF2BBB1D5B74}.Debug|Any CPU.Build.0 = Debug|Any CPU
		{DDD9C2F3-E54D-438A-B916-CF2BBB1D5B74}.Release|Any CPU.ActiveCfg = Release|Any CPU
		{DDD9C2F3-E54D-438A-B916-CF2BBB1D5B74}.Release|Any CPU.Build.0 = Release|Any CPU
		{9FB97D0D-EA23-4546-BF85-80AF40DC2B94}.Debug|Any CPU.ActiveCfg = Debug|Any CPU
		{9FB97D0D-EA23-4546-BF85-80AF40DC2B94}.Debug|Any CPU.Build.0 = Debug|Any CPU
		{9FB97D0D-EA23-4546-BF85-80AF40DC2B94}.Release|Any CPU.ActiveCfg = Release|Any CPU
		{9FB97D0D-EA23-4546-BF85-80AF40DC2B94}.Release|Any CPU.Build.0 = Release|Any CPU
		{201E500D-912D-4A29-9622-F8BB913CE286}.Debug|Any CPU.ActiveCfg = Debug|Any CPU
		{201E500D-912D-4A29-9622-F8BB913CE286}.Debug|Any CPU.Build.0 = Debug|Any CPU
		{201E500D-912D-4A29-9622-F8BB913CE286}.Release|Any CPU.ActiveCfg = Release|Any CPU
		{201E500D-912D-4A29-9622-F8BB913CE286}.Release|Any CPU.Build.0 = Release|Any CPU
		{F0D18E5E-0978-4CC5-8A2F-AB3D6F81ED14}.Debug|Any CPU.ActiveCfg = Debug|Any CPU
		{F0D18E5E-0978-4CC5-8A2F-AB3D6F81ED14}.Debug|Any CPU.Build.0 = Debug|Any CPU
		{F0D18E5E-0978-4CC5-8A2F-AB3D6F81ED14}.Release|Any CPU.ActiveCfg = Release|Any CPU
		{F0D18E5E-0978-4CC5-8A2F-AB3D6F81ED14}.Release|Any CPU.Build.0 = Release|Any CPU
	EndGlobalSection
	GlobalSection(SolutionProperties) = preSolution
		HideSolutionNode = FALSE
	EndGlobalSection
	GlobalSection(NestedProjects) = preSolution
		{4762E824-7F29-4BC3-B27B-46E9916D542D} = {AABC6A0A-8FD5-4688-B6A6-9B584721776F}
		{379FE909-8936-4992-A4A4-21A77348F4A1} = {AABC6A0A-8FD5-4688-B6A6-9B584721776F}
		{E739F3B2-688E-432A-AB5A-81F5489889EE} = {AABC6A0A-8FD5-4688-B6A6-9B584721776F}
		{6066ED29-2019-408A-ACC8-DE9EC133AD8F} = {AABC6A0A-8FD5-4688-B6A6-9B584721776F}
		{FEDC69C0-1F1D-4B66-8C90-40C36FD036B5} = {4762E824-7F29-4BC3-B27B-46E9916D542D}
		{2EE3F571-23B7-42AC-A07E-E6FB8D5D841E} = {FEDC69C0-1F1D-4B66-8C90-40C36FD036B5}
		{09651AE7-36D8-4C8D-A559-0A261631F004} = {379FE909-8936-4992-A4A4-21A77348F4A1}
		{99ACAF73-6233-4EF4-B7E3-F73737A8B1A1} = {6066ED29-2019-408A-ACC8-DE9EC133AD8F}
		{3B6E268D-8D3C-45D0-BBF9-D88A1281DF65} = {E739F3B2-688E-432A-AB5A-81F5489889EE}
		{DDD9C2F3-E54D-438A-B916-CF2BBB1D5B74} = {09651AE7-36D8-4C8D-A559-0A261631F004}
		{9FB97D0D-EA23-4546-BF85-80AF40DC2B94} = {09651AE7-36D8-4C8D-A559-0A261631F004}
		{201E500D-912D-4A29-9622-F8BB913CE286} = {09651AE7-36D8-4C8D-A559-0A261631F004}
		{F0D18E5E-0978-4CC5-8A2F-AB3D6F81ED14} = {09651AE7-36D8-4C8D-A559-0A261631F004}
	EndGlobalSection
	GlobalSection(ExtensibilityGlobals) = postSolution
		SolutionGuid = {E78AE12D-B4AC-4D8D-B904-6EB4372D084A}
	EndGlobalSection
EndGlobal
